{
  "object": {
    "pins": [
      {
        "package": "Kingfisher",
        "repositoryURL": "https://github.com/onevcat/Kingfisher.git",
        "state": {
          "branch": null,
          "revision": "d06df9adf50ed8cde5786d935836a5f445f780ba",
          "version": "6.3.1"
        }
      },
      {
        "package": "PureLayout",
        "repositoryURL": "https://github.com/PureLayout/PureLayout.git",
        "state": {
          "branch": null,
          "revision": "5561683c96dc49b023c1299bfe4f6fbeed5f8199",
          "version": "3.1.9"
        }
      }
    ]
  },
  "version": 1
}
