// !$*UTF8*$!
{
	archiveVersion = 1;
	classes = {
	};
	objectVersion = 52;
	objects = {

/* Begin PBXBuildFile section */
		E20998F926FE7348003C7B96 /* UIProgressTextView in Frameworks */ = {isa = PBXBuildFile; productRef = E20998F826FE7348003C7B96 /* UIProgressTextView */; };
		E2178BB72700FEF5007AB4C5 /* MenuViewController.swift in Sources */ = {isa = PBXBuildFile; fileRef = E2178BB52700FEF5007AB4C5 /* MenuViewController.swift */; };
		E2178BBC270384A5007AB4C5 /* LibraryViewController.swift in Sources */ = {isa = PBXBuildFile; fileRef = E2178BBA270384A5007AB4C5 /* LibraryViewController.swift */; };
		E2178BBF2703852D007AB4C5 /* LibraryRepository.swift in Sources */ = {isa = PBXBuildFile; fileRef = E2178BBE2703852D007AB4C5 /* LibraryRepository.swift */; };
		E2178BC127038599007AB4C5 /* LibraryItem.swift in Sources */ = {isa = PBXBuildFile; fileRef = E2178BC027038599007AB4C5 /* LibraryItem.swift */; };
		E2178BC52703ABA4007AB4C5 /* LibraryManager.swift in Sources */ = {isa = PBXBuildFile; fileRef = E2178BC42703ABA4007AB4C5 /* LibraryManager.swift */; };
		E2178BC72703B02A007AB4C5 /* MenuOption.swift in Sources */ = {isa = PBXBuildFile; fileRef = E2178BC62703B02A007AB4C5 /* MenuOption.swift */; };
		E2178BD02703B899007AB4C5 /* ListRouter.swift in Sources */ = {isa = PBXBuildFile; fileRef = E2178BCF2703B899007AB4C5 /* ListRouter.swift */; };
		E2178BD32703BD5C007AB4C5 /* LibraryRouter.swift in Sources */ = {isa = PBXBuildFile; fileRef = E2178BD22703BD5C007AB4C5 /* LibraryRouter.swift */; };
		E2603A6E2704C99800C6E376 /* LessonDetailViewController.swift in Sources */ = {isa = PBXBuildFile; fileRef = E2603A6C2704C99800C6E376 /* LessonDetailViewController.swift */; };
		E2603A6F2704C99800C6E376 /* LessonDetailViewController.xib in Resources */ = {isa = PBXBuildFile; fileRef = E2603A6D2704C99800C6E376 /* LessonDetailViewController.xib */; };
		E2603A712704D3E300C6E376 /* Int+ConvertionTime.swift in Sources */ = {isa = PBXBuildFile; fileRef = E2603A702704D3E300C6E376 /* Int+ConvertionTime.swift */; };
		E283342F2703A966005644DF /* Dynamic in Frameworks */ = {isa = PBXBuildFile; productRef = E283342E2703A966005644DF /* Dynamic */; };
		E2927FEC26CB1F320036AA5C /* AppDelegate.swift in Sources */ = {isa = PBXBuildFile; fileRef = E2927FEB26CB1F320036AA5C /* AppDelegate.swift */; };
		E2927FEE26CB1F320036AA5C /* SceneDelegate.swift in Sources */ = {isa = PBXBuildFile; fileRef = E2927FED26CB1F320036AA5C /* SceneDelegate.swift */; };
		E2927FF026CB1F320036AA5C /* ViewController.swift in Sources */ = {isa = PBXBuildFile; fileRef = E2927FEF26CB1F320036AA5C /* ViewController.swift */; };
		E2927FF326CB1F320036AA5C /* Main.storyboard in Resources */ = {isa = PBXBuildFile; fileRef = E2927FF126CB1F320036AA5C /* Main.storyboard */; };
		E2927FF526CB1F340036AA5C /* Assets.xcassets in Resources */ = {isa = PBXBuildFile; fileRef = E2927FF426CB1F340036AA5C /* Assets.xcassets */; };
		E2927FF826CB1F340036AA5C /* LaunchScreen.storyboard in Resources */ = {isa = PBXBuildFile; fileRef = E2927FF626CB1F340036AA5C /* LaunchScreen.storyboard */; };
		E2BA0EE626EBACFA0084D232 /* CoursesViewController.swift in Sources */ = {isa = PBXBuildFile; fileRef = E2BA0EE526EBACFA0084D232 /* CoursesViewController.swift */; };
		E2BA0EEB26EBAD500084D232 /* PureLayout in Frameworks */ = {isa = PBXBuildFile; productRef = E2BA0EEA26EBAD500084D232 /* PureLayout */; };
		E2BA0EEE26EBAD740084D232 /* CoursesView.swift in Sources */ = {isa = PBXBuildFile; fileRef = E2BA0EED26EBAD740084D232 /* CoursesView.swift */; };
		E2BA0EF626EBB0950084D232 /* AppRouter.swift in Sources */ = {isa = PBXBuildFile; fileRef = E2BA0EF526EBB0950084D232 /* AppRouter.swift */; };
		E2BA0EF926EBB0F60084D232 /* Route.swift in Sources */ = {isa = PBXBuildFile; fileRef = E2BA0EF826EBB0F60084D232 /* Route.swift */; };
		E2BA0EFD26EBB3D00084D232 /* CourseCell.swift in Sources */ = {isa = PBXBuildFile; fileRef = E2BA0EFC26EBB3D00084D232 /* CourseCell.swift */; };
		E2BA0F0026EBB3DC0084D232 /* CourseCell.xib in Resources */ = {isa = PBXBuildFile; fileRef = E2BA0EFF26EBB3DC0084D232 /* CourseCell.xib */; };
		E2BA0F0326EBC2420084D232 /* CoursesRepository.swift in Sources */ = {isa = PBXBuildFile; fileRef = E2BA0F0226EBC2420084D232 /* CoursesRepository.swift */; };
		E2BA0F0926EBCEE00084D232 /* String+Html.swift in Sources */ = {isa = PBXBuildFile; fileRef = E2BA0F0826EBCEE00084D232 /* String+Html.swift */; };
		E2BA0F0D26EBCF820084D232 /* Kingfisher in Frameworks */ = {isa = PBXBuildFile; productRef = E2BA0F0C26EBCF820084D232 /* Kingfisher */; };
		E2BA0F1B26EFA0D40084D232 /* LessonCell.swift in Sources */ = {isa = PBXBuildFile; fileRef = E2BA0F1A26EFA0D30084D232 /* LessonCell.swift */; };
		E2BA0F1E26EFA0E20084D232 /* LessonCell.xib in Resources */ = {isa = PBXBuildFile; fileRef = E2BA0F1D26EFA0E20084D232 /* LessonCell.xib */; };
		E2BA0F2126EFA3460084D232 /* LessonRepository.swift in Sources */ = {isa = PBXBuildFile; fileRef = E2BA0F2026EFA3460084D232 /* LessonRepository.swift */; };
		E2FDE0C926E7CB0C0017220A /* BussinnesLogic in Frameworks */ = {isa = PBXBuildFile; productRef = E2FDE0C826E7CB0C0017220A /* BussinnesLogic */; };
		E2FDE0D326E7D1EA0017220A /* DownloaderViewController.swift in Sources */ = {isa = PBXBuildFile; fileRef = E2FDE0D226E7D1EA0017220A /* DownloaderViewController.swift */; };
/* End PBXBuildFile section */

/* Begin PBXFileReference section */
		E2178BB52700FEF5007AB4C5 /* MenuViewController.swift */ = {isa = PBXFileReference; lastKnownFileType = sourcecode.swift; path = MenuViewController.swift; sourceTree = "<group>"; };
		E2178BBA270384A5007AB4C5 /* LibraryViewController.swift */ = {isa = PBXFileReference; lastKnownFileType = sourcecode.swift; path = LibraryViewController.swift; sourceTree = "<group>"; };
		E2178BBE2703852D007AB4C5 /* LibraryRepository.swift */ = {isa = PBXFileReference; lastKnownFileType = sourcecode.swift; path = LibraryRepository.swift; sourceTree = "<group>"; };
		E2178BC027038599007AB4C5 /* LibraryItem.swift */ = {isa = PBXFileReference; lastKnownFileType = sourcecode.swift; path = LibraryItem.swift; sourceTree = "<group>"; };
		E2178BC42703ABA4007AB4C5 /* LibraryManager.swift */ = {isa = PBXFileReference; lastKnownFileType = sourcecode.swift; path = LibraryManager.swift; sourceTree = "<group>"; };
		E2178BC62703B02A007AB4C5 /* MenuOption.swift */ = {isa = PBXFileReference; lastKnownFileType = sourcecode.swift; path = MenuOption.swift; sourceTree = "<group>"; };
		E2178BCF2703B899007AB4C5 /* ListRouter.swift */ = {isa = PBXFileReference; lastKnownFileType = sourcecode.swift; path = ListRouter.swift; sourceTree = "<group>"; };
		E2178BD22703BD5C007AB4C5 /* LibraryRouter.swift */ = {isa = PBXFileReference; lastKnownFileType = sourcecode.swift; path = LibraryRouter.swift; sourceTree = "<group>"; };
		E2603A6C2704C99800C6E376 /* LessonDetailViewController.swift */ = {isa = PBXFileReference; lastKnownFileType = sourcecode.swift; path = LessonDetailViewController.swift; sourceTree = "<group>"; };
		E2603A6D2704C99800C6E376 /* LessonDetailViewController.xib */ = {isa = PBXFileReference; lastKnownFileType = file.xib; path = LessonDetailViewController.xib; sourceTree = "<group>"; };
		E2603A702704D3E300C6E376 /* Int+ConvertionTime.swift */ = {isa = PBXFileReference; lastKnownFileType = sourcecode.swift; path = "Int+ConvertionTime.swift"; sourceTree = "<group>"; };
		E2927FE826CB1F320036AA5C /* RayDownloaderApp.app */ = {isa = PBXFileReference; explicitFileType = wrapper.application; includeInIndex = 0; path = RayDownloaderApp.app; sourceTree = BUILT_PRODUCTS_DIR; };
		E2927FEB26CB1F320036AA5C /* AppDelegate.swift */ = {isa = PBXFileReference; lastKnownFileType = sourcecode.swift; path = AppDelegate.swift; sourceTree = "<group>"; };
		E2927FED26CB1F320036AA5C /* SceneDelegate.swift */ = {isa = PBXFileReference; lastKnownFileType = sourcecode.swift; path = SceneDelegate.swift; sourceTree = "<group>"; };
		E2927FEF26CB1F320036AA5C /* ViewController.swift */ = {isa = PBXFileReference; lastKnownFileType = sourcecode.swift; path = ViewController.swift; sourceTree = "<group>"; };
		E2927FF226CB1F320036AA5C /* Base */ = {isa = PBXFileReference; lastKnownFileType = file.storyboard; name = Base; path = Base.lproj/Main.storyboard; sourceTree = "<group>"; };
		E2927FF426CB1F340036AA5C /* Assets.xcassets */ = {isa = PBXFileReference; lastKnownFileType = folder.assetcatalog; path = Assets.xcassets; sourceTree = "<group>"; };
		E2927FF726CB1F340036AA5C /* Base */ = {isa = PBXFileReference; lastKnownFileType = file.storyboard; name = Base; path = Base.lproj/LaunchScreen.storyboard; sourceTree = "<group>"; };
		E2927FF926CB1F340036AA5C /* Info.plist */ = {isa = PBXFileReference; lastKnownFileType = text.plist.xml; path = Info.plist; sourceTree = "<group>"; };
		E292800126CB1F8B0036AA5C /* CoreLogic.framework */ = {isa = PBXFileReference; explicitFileType = wrapper.framework; path = CoreLogic.framework; sourceTree = BUILT_PRODUCTS_DIR; };
		E292801126CB1FD80036AA5C /* CoreLogic.framework */ = {isa = PBXFileReference; explicitFileType = wrapper.framework; path = CoreLogic.framework; sourceTree = BUILT_PRODUCTS_DIR; };
		E292801626CB21050036AA5C /* CoreLogic.framework */ = {isa = PBXFileReference; explicitFileType = wrapper.framework; path = CoreLogic.framework; sourceTree = BUILT_PRODUCTS_DIR; };
		E2A686A126E7C40E0078A022 /* CoreLogic.framework */ = {isa = PBXFileReference; explicitFileType = wrapper.framework; path = CoreLogic.framework; sourceTree = BUILT_PRODUCTS_DIR; };
		E2A686A526E7C4A20078A022 /* CoreLogic.framework */ = {isa = PBXFileReference; explicitFileType = wrapper.framework; path = CoreLogic.framework; sourceTree = BUILT_PRODUCTS_DIR; };
		E2A686A926E7C7A80078A022 /* CoreLogic.framework */ = {isa = PBXFileReference; explicitFileType = wrapper.framework; path = CoreLogic.framework; sourceTree = BUILT_PRODUCTS_DIR; };
		E2A686AD26E7C87E0078A022 /* CoreLogic.framework */ = {isa = PBXFileReference; explicitFileType = wrapper.framework; path = CoreLogic.framework; sourceTree = BUILT_PRODUCTS_DIR; };
		E2BA0EDE26EBA2A60084D232 /* RayDownloaderApp.entitlements */ = {isa = PBXFileReference; lastKnownFileType = text.plist.entitlements; path = RayDownloaderApp.entitlements; sourceTree = "<group>"; };
		E2BA0EE526EBACFA0084D232 /* CoursesViewController.swift */ = {isa = PBXFileReference; lastKnownFileType = sourcecode.swift; path = CoursesViewController.swift; sourceTree = "<group>"; };
		E2BA0EED26EBAD740084D232 /* CoursesView.swift */ = {isa = PBXFileReference; lastKnownFileType = sourcecode.swift; path = CoursesView.swift; sourceTree = "<group>"; };
		E2BA0EF526EBB0950084D232 /* AppRouter.swift */ = {isa = PBXFileReference; lastKnownFileType = sourcecode.swift; path = AppRouter.swift; sourceTree = "<group>"; };
		E2BA0EF826EBB0F60084D232 /* Route.swift */ = {isa = PBXFileReference; lastKnownFileType = sourcecode.swift; path = Route.swift; sourceTree = "<group>"; };
		E2BA0EFC26EBB3D00084D232 /* CourseCell.swift */ = {isa = PBXFileReference; lastKnownFileType = sourcecode.swift; path = CourseCell.swift; sourceTree = "<group>"; };
		E2BA0EFF26EBB3DC0084D232 /* CourseCell.xib */ = {isa = PBXFileReference; lastKnownFileType = file.xib; path = CourseCell.xib; sourceTree = "<group>"; };
		E2BA0F0226EBC2420084D232 /* CoursesRepository.swift */ = {isa = PBXFileReference; lastKnownFileType = sourcecode.swift; path = CoursesRepository.swift; sourceTree = "<group>"; };
		E2BA0F0826EBCEE00084D232 /* String+Html.swift */ = {isa = PBXFileReference; lastKnownFileType = sourcecode.swift; path = "String+Html.swift"; sourceTree = "<group>"; };
		E2BA0F1A26EFA0D30084D232 /* LessonCell.swift */ = {isa = PBXFileReference; lastKnownFileType = sourcecode.swift; path = LessonCell.swift; sourceTree = "<group>"; };
		E2BA0F1D26EFA0E20084D232 /* LessonCell.xib */ = {isa = PBXFileReference; lastKnownFileType = file.xib; path = LessonCell.xib; sourceTree = "<group>"; };
		E2BA0F2026EFA3460084D232 /* LessonRepository.swift */ = {isa = PBXFileReference; lastKnownFileType = sourcecode.swift; path = LessonRepository.swift; sourceTree = "<group>"; };
		E2FDE0D226E7D1EA0017220A /* DownloaderViewController.swift */ = {isa = PBXFileReference; lastKnownFileType = sourcecode.swift; path = DownloaderViewController.swift; sourceTree = "<group>"; };
/* End PBXFileReference section */

/* Begin PBXFrameworksBuildPhase section */
		E2927FE526CB1F320036AA5C /* Frameworks */ = {
			isa = PBXFrameworksBuildPhase;
			buildActionMask = 2147483647;
			files = (
				E283342F2703A966005644DF /* Dynamic in Frameworks */,
				E2BA0F0D26EBCF820084D232 /* Kingfisher in Frameworks */,
				E20998F926FE7348003C7B96 /* UIProgressTextView in Frameworks */,
				E2BA0EEB26EBAD500084D232 /* PureLayout in Frameworks */,
				E2FDE0C926E7CB0C0017220A /* BussinnesLogic in Frameworks */,
			);
			runOnlyForDeploymentPostprocessing = 0;
		};
/* End PBXFrameworksBuildPhase section */

/* Begin PBXGroup section */
		E2178BB42700FEDF007AB4C5 /* Menu */ = {
			isa = PBXGroup;
			children = (
				E2178BB52700FEF5007AB4C5 /* MenuViewController.swift */,
				E2178BC62703B02A007AB4C5 /* MenuOption.swift */,
			);
			path = Menu;
			sourceTree = "<group>";
		};
		E2178BB927038492007AB4C5 /* Library */ = {
			isa = PBXGroup;
			children = (
				E2178BBA270384A5007AB4C5 /* LibraryViewController.swift */,
				E2178BBE2703852D007AB4C5 /* LibraryRepository.swift */,
				E2178BC027038599007AB4C5 /* LibraryItem.swift */,
				E2178BC42703ABA4007AB4C5 /* LibraryManager.swift */,
			);
			path = Library;
			sourceTree = "<group>";
		};
		E2927FDF26CB1F320036AA5C = {
			isa = PBXGroup;
			children = (
				E2927FEA26CB1F320036AA5C /* RayDownloaderApp */,
				E2927FE926CB1F320036AA5C /* Products */,
				E292800026CB1F8B0036AA5C /* Frameworks */,
			);
			sourceTree = "<group>";
		};
		E2927FE926CB1F320036AA5C /* Products */ = {
			isa = PBXGroup;
			children = (
				E2927FE826CB1F320036AA5C /* RayDownloaderApp.app */,
			);
			name = Products;
			sourceTree = "<group>";
		};
		E2927FEA26CB1F320036AA5C /* RayDownloaderApp */ = {
			isa = PBXGroup;
			children = (
				E2178BB927038492007AB4C5 /* Library */,
				E2178BB42700FEDF007AB4C5 /* Menu */,
				E2BA0F0726EBCED70084D232 /* Extensions */,
				E2BA0F0526EBCCDC0084D232 /* Downloader */,
				E2BA0EF026EBB05F0084D232 /* Router */,
				E2BA0EE426EBACEB0084D232 /* Courses */,
				E2BA0EDE26EBA2A60084D232 /* RayDownloaderApp.entitlements */,
				E2927FEB26CB1F320036AA5C /* AppDelegate.swift */,
				E2927FED26CB1F320036AA5C /* SceneDelegate.swift */,
				E2927FEF26CB1F320036AA5C /* ViewController.swift */,
				E2927FF126CB1F320036AA5C /* Main.storyboard */,
				E2927FF426CB1F340036AA5C /* Assets.xcassets */,
				E2927FF626CB1F340036AA5C /* LaunchScreen.storyboard */,
				E2927FF926CB1F340036AA5C /* Info.plist */,
			);
			path = RayDownloaderApp;
			sourceTree = "<group>";
		};
		E292800026CB1F8B0036AA5C /* Frameworks */ = {
			isa = PBXGroup;
			children = (
				E2A686AD26E7C87E0078A022 /* CoreLogic.framework */,
				E2A686A926E7C7A80078A022 /* CoreLogic.framework */,
				E2A686A526E7C4A20078A022 /* CoreLogic.framework */,
				E2A686A126E7C40E0078A022 /* CoreLogic.framework */,
				E292801626CB21050036AA5C /* CoreLogic.framework */,
				E292801126CB1FD80036AA5C /* CoreLogic.framework */,
				E292800126CB1F8B0036AA5C /* CoreLogic.framework */,
			);
			name = Frameworks;
			sourceTree = "<group>";
		};
		E2BA0EE426EBACEB0084D232 /* Courses */ = {
			isa = PBXGroup;
			children = (
				E2BA0EE526EBACFA0084D232 /* CoursesViewController.swift */,
				E2BA0EED26EBAD740084D232 /* CoursesView.swift */,
				E2BA0EFC26EBB3D00084D232 /* CourseCell.swift */,
				E2BA0EFF26EBB3DC0084D232 /* CourseCell.xib */,
				E2BA0F0226EBC2420084D232 /* CoursesRepository.swift */,
			);
			path = Courses;
			sourceTree = "<group>";
		};
		E2BA0EF026EBB05F0084D232 /* Router */ = {
			isa = PBXGroup;
			children = (
				E2BA0EF526EBB0950084D232 /* AppRouter.swift */,
				E2178BD22703BD5C007AB4C5 /* LibraryRouter.swift */,
				E2178BCF2703B899007AB4C5 /* ListRouter.swift */,
				E2BA0EF826EBB0F60084D232 /* Route.swift */,
			);
			path = Router;
			sourceTree = "<group>";
		};
		E2BA0F0526EBCCDC0084D232 /* Downloader */ = {
			isa = PBXGroup;
			children = (
				E2FDE0D226E7D1EA0017220A /* DownloaderViewController.swift */,
				E2BA0F1A26EFA0D30084D232 /* LessonCell.swift */,
				E2BA0F1D26EFA0E20084D232 /* LessonCell.xib */,
				E2BA0F2026EFA3460084D232 /* LessonRepository.swift */,
				E2603A6C2704C99800C6E376 /* LessonDetailViewController.swift */,
				E2603A6D2704C99800C6E376 /* LessonDetailViewController.xib */,
			);
			path = Downloader;
			sourceTree = "<group>";
		};
		E2BA0F0726EBCED70084D232 /* Extensions */ = {
			isa = PBXGroup;
			children = (
				E2BA0F0826EBCEE00084D232 /* String+Html.swift */,
				E2603A702704D3E300C6E376 /* Int+ConvertionTime.swift */,
			);
			path = Extensions;
			sourceTree = "<group>";
		};
/* End PBXGroup section */

/* Begin PBXNativeTarget section */
		E2927FE726CB1F320036AA5C /* RayDownloaderApp */ = {
			isa = PBXNativeTarget;
			buildConfigurationList = E2927FFC26CB1F340036AA5C /* Build configuration list for PBXNativeTarget "RayDownloaderApp" */;
			buildPhases = (
				E2927FE426CB1F320036AA5C /* Sources */,
				E2927FE526CB1F320036AA5C /* Frameworks */,
				E2927FE626CB1F320036AA5C /* Resources */,
			);
			buildRules = (
			);
			dependencies = (
			);
			name = RayDownloaderApp;
			packageProductDependencies = (
				E2FDE0C826E7CB0C0017220A /* BussinnesLogic */,
				E2BA0EEA26EBAD500084D232 /* PureLayout */,
				E2BA0F0C26EBCF820084D232 /* Kingfisher */,
				E20998F826FE7348003C7B96 /* UIProgressTextView */,
				E283342E2703A966005644DF /* Dynamic */,
			);
			productName = RayDownloaderApp;
			productReference = E2927FE826CB1F320036AA5C /* RayDownloaderApp.app */;
			productType = "com.apple.product-type.application";
		};
/* End PBXNativeTarget section */

/* Begin PBXProject section */
		E2927FE026CB1F320036AA5C /* Project object */ = {
			isa = PBXProject;
			attributes = {
				LastSwiftUpdateCheck = 1200;
				LastUpgradeCheck = 1200;
				TargetAttributes = {
					E2927FE726CB1F320036AA5C = {
						CreatedOnToolsVersion = 12.0.1;
					};
				};
			};
			buildConfigurationList = E2927FE326CB1F320036AA5C /* Build configuration list for PBXProject "RayDownloaderApp" */;
			compatibilityVersion = "Xcode 9.3";
			developmentRegion = en;
			hasScannedForEncodings = 0;
			knownRegions = (
				en,
				Base,
			);
			mainGroup = E2927FDF26CB1F320036AA5C;
			packageReferences = (
				E2BA0EE926EBAD500084D232 /* XCRemoteSwiftPackageReference "PureLayout" */,
				E2BA0F0B26EBCF820084D232 /* XCRemoteSwiftPackageReference "Kingfisher" */,
				E2BA0F2326EFADA70084D232 /* XCRemoteSwiftPackageReference "M13ProgressSuite" */,
				E283342D2703A966005644DF /* XCRemoteSwiftPackageReference "Dynamic" */,
			);
			productRefGroup = E2927FE926CB1F320036AA5C /* Products */;
			projectDirPath = "";
			projectRoot = "";
			targets = (
				E2927FE726CB1F320036AA5C /* RayDownloaderApp */,
			);
		};
/* End PBXProject section */

/* Begin PBXResourcesBuildPhase section */
		E2927FE626CB1F320036AA5C /* Resources */ = {
			isa = PBXResourcesBuildPhase;
			buildActionMask = 2147483647;
			files = (
				E2BA0F0026EBB3DC0084D232 /* CourseCell.xib in Resources */,
				E2927FF826CB1F340036AA5C /* LaunchScreen.storyboard in Resources */,
				E2927FF526CB1F340036AA5C /* Assets.xcassets in Resources */,
				E2BA0F1E26EFA0E20084D232 /* LessonCell.xib in Resources */,
				E2927FF326CB1F320036AA5C /* Main.storyboard in Resources */,
				E2603A6F2704C99800C6E376 /* LessonDetailViewController.xib in Resources */,
			);
			runOnlyForDeploymentPostprocessing = 0;
		};
/* End PBXResourcesBuildPhase section */

/* Begin PBXSourcesBuildPhase section */
		E2927FE426CB1F320036AA5C /* Sources */ = {
			isa = PBXSourcesBuildPhase;
			buildActionMask = 2147483647;
			files = (
				E2927FF026CB1F320036AA5C /* ViewController.swift in Sources */,
				E2178BBC270384A5007AB4C5 /* LibraryViewController.swift in Sources */,
				E2927FEC26CB1F320036AA5C /* AppDelegate.swift in Sources */,
				E2927FEE26CB1F320036AA5C /* SceneDelegate.swift in Sources */,
				E2603A712704D3E300C6E376 /* Int+ConvertionTime.swift in Sources */,
				E2178BC72703B02A007AB4C5 /* MenuOption.swift in Sources */,
				E2178BB72700FEF5007AB4C5 /* MenuViewController.swift in Sources */,
				E2BA0EFD26EBB3D00084D232 /* CourseCell.swift in Sources */,
				E2BA0F0926EBCEE00084D232 /* String+Html.swift in Sources */,
				E2178BC127038599007AB4C5 /* LibraryItem.swift in Sources */,
				E2178BBF2703852D007AB4C5 /* LibraryRepository.swift in Sources */,
				E2FDE0D326E7D1EA0017220A /* DownloaderViewController.swift in Sources */,
				E2BA0EF626EBB0950084D232 /* AppRouter.swift in Sources */,
				E2603A6E2704C99800C6E376 /* LessonDetailViewController.swift in Sources */,
				E2BA0F1B26EFA0D40084D232 /* LessonCell.swift in Sources */,
				E2BA0F0326EBC2420084D232 /* CoursesRepository.swift in Sources */,
				E2178BD02703B899007AB4C5 /* ListRouter.swift in Sources */,
				E2178BD32703BD5C007AB4C5 /* LibraryRouter.swift in Sources */,
				E2BA0EF926EBB0F60084D232 /* Route.swift in Sources */,
				E2178BC52703ABA4007AB4C5 /* LibraryManager.swift in Sources */,
				E2BA0F2126EFA3460084D232 /* LessonRepository.swift in Sources */,
				E2BA0EE626EBACFA0084D232 /* CoursesViewController.swift in Sources */,
				E2BA0EEE26EBAD740084D232 /* CoursesView.swift in Sources */,
			);
			runOnlyForDeploymentPostprocessing = 0;
		};
/* End PBXSourcesBuildPhase section */

/* Begin PBXVariantGroup section */
		E2927FF126CB1F320036AA5C /* Main.storyboard */ = {
			isa = PBXVariantGroup;
			children = (
				E2927FF226CB1F320036AA5C /* Base */,
			);
			name = Main.storyboard;
			sourceTree = "<group>";
		};
		E2927FF626CB1F340036AA5C /* LaunchScreen.storyboard */ = {
			isa = PBXVariantGroup;
			children = (
				E2927FF726CB1F340036AA5C /* Base */,
			);
			name = LaunchScreen.storyboard;
			sourceTree = "<group>";
		};
/* End PBXVariantGroup section */

/* Begin XCBuildConfiguration section */
		E2927FFA26CB1F340036AA5C /* Debug */ = {
			isa = XCBuildConfiguration;
			buildSettings = {
				ALWAYS_SEARCH_USER_PATHS = NO;
				CLANG_ANALYZER_NONNULL = YES;
				CLANG_ANALYZER_NUMBER_OBJECT_CONVERSION = YES_AGGRESSIVE;
				CLANG_CXX_LANGUAGE_STANDARD = "gnu++14";
				CLANG_CXX_LIBRARY = "libc++";
				CLANG_ENABLE_MODULES = YES;
				CLANG_ENABLE_OBJC_ARC = YES;
				CLANG_ENABLE_OBJC_WEAK = YES;
				CLANG_WARN_BLOCK_CAPTURE_AUTORELEASING = YES;
				CLANG_WARN_BOOL_CONVERSION = YES;
				CLANG_WARN_COMMA = YES;
				CLANG_WARN_CONSTANT_CONVERSION = YES;
				CLANG_WARN_DEPRECATED_OBJC_IMPLEMENTATIONS = YES;
				CLANG_WARN_DIRECT_OBJC_ISA_USAGE = YES_ERROR;
				CLANG_WARN_DOCUMENTATION_COMMENTS = YES;
				CLANG_WARN_EMPTY_BODY = YES;
				CLANG_WARN_ENUM_CONVERSION = YES;
				CLANG_WARN_INFINITE_RECURSION = YES;
				CLANG_WARN_INT_CONVERSION = YES;
				CLANG_WARN_NON_LITERAL_NULL_CONVERSION = YES;
				CLANG_WARN_OBJC_IMPLICIT_RETAIN_SELF = YES;
				CLANG_WARN_OBJC_LITERAL_CONVERSION = YES;
				CLANG_WARN_OBJC_ROOT_CLASS = YES_ERROR;
				CLANG_WARN_QUOTED_INCLUDE_IN_FRAMEWORK_HEADER = YES;
				CLANG_WARN_RANGE_LOOP_ANALYSIS = YES;
				CLANG_WARN_STRICT_PROTOTYPES = YES;
				CLANG_WARN_SUSPICIOUS_MOVE = YES;
				CLANG_WARN_UNGUARDED_AVAILABILITY = YES_AGGRESSIVE;
				CLANG_WARN_UNREACHABLE_CODE = YES;
				CLANG_WARN__DUPLICATE_METHOD_MATCH = YES;
				COPY_PHASE_STRIP = NO;
				DEBUG_INFORMATION_FORMAT = dwarf;
				ENABLE_STRICT_OBJC_MSGSEND = YES;
				ENABLE_TESTABILITY = YES;
				GCC_C_LANGUAGE_STANDARD = gnu11;
				GCC_DYNAMIC_NO_PIC = NO;
				GCC_NO_COMMON_BLOCKS = YES;
				GCC_OPTIMIZATION_LEVEL = 0;
				GCC_PREPROCESSOR_DEFINITIONS = (
					"DEBUG=1",
					"$(inherited)",
				);
				GCC_WARN_64_TO_32_BIT_CONVERSION = YES;
				GCC_WARN_ABOUT_RETURN_TYPE = YES_ERROR;
				GCC_WARN_UNDECLARED_SELECTOR = YES;
				GCC_WARN_UNINITIALIZED_AUTOS = YES_AGGRESSIVE;
				GCC_WARN_UNUSED_FUNCTION = YES;
				GCC_WARN_UNUSED_VARIABLE = YES;
				IPHONEOS_DEPLOYMENT_TARGET = 14.0;
				MTL_ENABLE_DEBUG_INFO = INCLUDE_SOURCE;
				MTL_FAST_MATH = YES;
				ONLY_ACTIVE_ARCH = YES;
				SDKROOT = iphoneos;
				SWIFT_ACTIVE_COMPILATION_CONDITIONS = DEBUG;
				SWIFT_OPTIMIZATION_LEVEL = "-Onone";
			};
			name = Debug;
		};
		E2927FFB26CB1F340036AA5C /* Release */ = {
			isa = XCBuildConfiguration;
			buildSettings = {
				ALWAYS_SEARCH_USER_PATHS = NO;
				CLANG_ANALYZER_NONNULL = YES;
				CLANG_ANALYZER_NUMBER_OBJECT_CONVERSION = YES_AGGRESSIVE;
				CLANG_CXX_LANGUAGE_STANDARD = "gnu++14";
				CLANG_CXX_LIBRARY = "libc++";
				CLANG_ENABLE_MODULES = YES;
				CLANG_ENABLE_OBJC_ARC = YES;
				CLANG_ENABLE_OBJC_WEAK = YES;
				CLANG_WARN_BLOCK_CAPTURE_AUTORELEASING = YES;
				CLANG_WARN_BOOL_CONVERSION = YES;
				CLANG_WARN_COMMA = YES;
				CLANG_WARN_CONSTANT_CONVERSION = YES;
				CLANG_WARN_DEPRECATED_OBJC_IMPLEMENTATIONS = YES;
				CLANG_WARN_DIRECT_OBJC_ISA_USAGE = YES_ERROR;
				CLANG_WARN_DOCUMENTATION_COMMENTS = YES;
				CLANG_WARN_EMPTY_BODY = YES;
				CLANG_WARN_ENUM_CONVERSION = YES;
				CLANG_WARN_INFINITE_RECURSION = YES;
				CLANG_WARN_INT_CONVERSION = YES;
				CLANG_WARN_NON_LITERAL_NULL_CONVERSION = YES;
				CLANG_WARN_OBJC_IMPLICIT_RETAIN_SELF = YES;
				CLANG_WARN_OBJC_LITERAL_CONVERSION = YES;
				CLANG_WARN_OBJC_ROOT_CLASS = YES_ERROR;
				CLANG_WARN_QUOTED_INCLUDE_IN_FRAMEWORK_HEADER = YES;
				CLANG_WARN_RANGE_LOOP_ANALYSIS = YES;
				CLANG_WARN_STRICT_PROTOTYPES = YES;
				CLANG_WARN_SUSPICIOUS_MOVE = YES;
				CLANG_WARN_UNGUARDED_AVAILABILITY = YES_AGGRESSIVE;
				CLANG_WARN_UNREACHABLE_CODE = YES;
				CLANG_WARN__DUPLICATE_METHOD_MATCH = YES;
				COPY_PHASE_STRIP = NO;
				DEBUG_INFORMATION_FORMAT = "dwarf-with-dsym";
				ENABLE_NS_ASSERTIONS = NO;
				ENABLE_STRICT_OBJC_MSGSEND = YES;
				GCC_C_LANGUAGE_STANDARD = gnu11;
				GCC_NO_COMMON_BLOCKS = YES;
				GCC_WARN_64_TO_32_BIT_CONVERSION = YES;
				GCC_WARN_ABOUT_RETURN_TYPE = YES_ERROR;
				GCC_WARN_UNDECLARED_SELECTOR = YES;
				GCC_WARN_UNINITIALIZED_AUTOS = YES_AGGRESSIVE;
				GCC_WARN_UNUSED_FUNCTION = YES;
				GCC_WARN_UNUSED_VARIABLE = YES;
				IPHONEOS_DEPLOYMENT_TARGET = 14.0;
				MTL_ENABLE_DEBUG_INFO = NO;
				MTL_FAST_MATH = YES;
				SDKROOT = iphoneos;
				SWIFT_COMPILATION_MODE = wholemodule;
				SWIFT_OPTIMIZATION_LEVEL = "-O";
				VALIDATE_PRODUCT = YES;
			};
			name = Release;
		};
		E2927FFD26CB1F340036AA5C /* Debug */ = {
			isa = XCBuildConfiguration;
			buildSettings = {
				ASSETCATALOG_COMPILER_APPICON_NAME = AppIcon;
				ASSETCATALOG_COMPILER_GLOBAL_ACCENT_COLOR_NAME = AccentColor;
				CODE_SIGN_ENTITLEMENTS = RayDownloaderApp/RayDownloaderApp.entitlements;
				"CODE_SIGN_IDENTITY[sdk=macosx*]" = "-";
				CODE_SIGN_STYLE = Automatic;
				INFOPLIST_FILE = RayDownloaderApp/Info.plist;
				"IPHONEOS_DEPLOYMENT_TARGET[sdk=macosx*]" = 13.4;
				LD_RUNPATH_SEARCH_PATHS = (
					"$(inherited)",
					"@executable_path/Frameworks",
				);
				PRODUCT_BUNDLE_IDENTIFIER = javff.RayDownloaderApp;
				PRODUCT_NAME = "$(TARGET_NAME)";
				SUPPORTS_MACCATALYST = YES;
				SWIFT_VERSION = 5.0;
				TARGETED_DEVICE_FAMILY = "1,2";
			};
			name = Debug;
		};
		E2927FFE26CB1F340036AA5C /* Release */ = {
			isa = XCBuildConfiguration;
			buildSettings = {
				ASSETCATALOG_COMPILER_APPICON_NAME = AppIcon;
				ASSETCATALOG_COMPILER_GLOBAL_ACCENT_COLOR_NAME = AccentColor;
				CODE_SIGN_ENTITLEMENTS = RayDownloaderApp/RayDownloaderApp.entitlements;
				"CODE_SIGN_IDENTITY[sdk=macosx*]" = "-";
				CODE_SIGN_STYLE = Automatic;
				INFOPLIST_FILE = RayDownloaderApp/Info.plist;
				"IPHONEOS_DEPLOYMENT_TARGET[sdk=macosx*]" = 13.4;
				LD_RUNPATH_SEARCH_PATHS = (
					"$(inherited)",
					"@executable_path/Frameworks",
				);
				PRODUCT_BUNDLE_IDENTIFIER = javff.RayDownloaderApp;
				PRODUCT_NAME = "$(TARGET_NAME)";
				SUPPORTS_MACCATALYST = YES;
				SWIFT_VERSION = 5.0;
				TARGETED_DEVICE_FAMILY = "1,2";
			};
			name = Release;
		};
/* End XCBuildConfiguration section */

/* Begin XCConfigurationList section */
		E2927FE326CB1F320036AA5C /* Build configuration list for PBXProject "RayDownloaderApp" */ = {
			isa = XCConfigurationList;
			buildConfigurations = (
				E2927FFA26CB1F340036AA5C /* Debug */,
				E2927FFB26CB1F340036AA5C /* Release */,
			);
			defaultConfigurationIsVisible = 0;
			defaultConfigurationName = Release;
		};
		E2927FFC26CB1F340036AA5C /* Build configuration list for PBXNativeTarget "RayDownloaderApp" */ = {
			isa = XCConfigurationList;
			buildConfigurations = (
				E2927FFD26CB1F340036AA5C /* Debug */,
				E2927FFE26CB1F340036AA5C /* Release */,
			);
			defaultConfigurationIsVisible = 0;
			defaultConfigurationName = Release;
		};
/* End XCConfigurationList section */

/* Begin XCRemoteSwiftPackageReference section */
		E283342D2703A966005644DF /* XCRemoteSwiftPackageReference "Dynamic" */ = {
			isa = XCRemoteSwiftPackageReference;
			repositoryURL = "https://github.com/mhdhejazi/Dynamic.git";
			requirement = {
				kind = upToNextMajorVersion;
				minimumVersion = 1.2.0;
			};
		};
		E2BA0EE926EBAD500084D232 /* XCRemoteSwiftPackageReference "PureLayout" */ = {
			isa = XCRemoteSwiftPackageReference;
			repositoryURL = "https://github.com/PureLayout/PureLayout.git";
			requirement = {
				kind = upToNextMajorVersion;
				minimumVersion = 3.1.9;
			};
		};
		E2BA0F0B26EBCF820084D232 /* XCRemoteSwiftPackageReference "Kingfisher" */ = {
			isa = XCRemoteSwiftPackageReference;
			repositoryURL = "https://github.com/onevcat/Kingfisher.git";
			requirement = {
				kind = upToNextMajorVersion;
				minimumVersion = 6.3.1;
			};
		};
		E2BA0F2326EFADA70084D232 /* XCRemoteSwiftPackageReference "M13ProgressSuite" */ = {
			isa = XCRemoteSwiftPackageReference;
			repositoryURL = "https://github.com/SDOSLabs/M13ProgressSuite.git";
			requirement = {
				kind = exactVersion;
				version = 1.3.0;
			};
		};
/* End XCRemoteSwiftPackageReference section */

/* Begin XCSwiftPackageProductDependency section */
		E20998F826FE7348003C7B96 /* UIProgressTextView */ = {
			isa = XCSwiftPackageProductDependency;
			productName = UIProgressTextView;
		};
		E283342E2703A966005644DF /* Dynamic */ = {
			isa = XCSwiftPackageProductDependency;
			package = E283342D2703A966005644DF /* XCRemoteSwiftPackageReference "Dynamic" */;
			productName = Dynamic;
		};
		E2BA0EEA26EBAD500084D232 /* PureLayout */ = {
			isa = XCSwiftPackageProductDependency;
			package = E2BA0EE926EBAD500084D232 /* XCRemoteSwiftPackageReference "PureLayout" */;
			productName = PureLayout;
		};
		E2BA0F0C26EBCF820084D232 /* Kingfisher */ = {
			isa = XCSwiftPackageProductDependency;
			package = E2BA0F0B26EBCF820084D232 /* XCRemoteSwiftPackageReference "Kingfisher" */;
			productName = Kingfisher;
		};
		E2FDE0C826E7CB0C0017220A /* BussinnesLogic */ = {
			isa = XCSwiftPackageProductDependency;
			productName = BussinnesLogic;
		};
/* End XCSwiftPackageProductDependency section */
	};
	rootObject = E2927FE026CB1F320036AA5C /* Project object */;
}
